
Microsoft Visual Studio Solution File, Format Version 12.00
# Visual Studio 15
VisualStudioVersion = 15.0.27130.2027
MinimumVisualStudioVersion = 10.0.40219.1
Project("{FAE04EC0-301F-11D3-BF4B-00C04F79EFBC}") = "BetaSeries.API", "BetaSeries.API\BetaSeries.API.csproj", "{15563CC4-5829-4CB1-BD9E-2BFF6F919C02}"
EndProject
Project("{FAE04EC0-301F-11D3-BF4B-00C04F79EFBC}") = "BetaSeries.App", "BetaSeries.App\BetaSeries.App.csproj", "{37D62798-5707-4F9D-ADC5-9A2EB545FDEE}"
EndProject
Global
	GlobalSection(SolutionConfigurationPlatforms) = preSolution
		Debug|Any CPU = Debug|Any CPU
		Debug|ARM = Debug|ARM
		Debug|x64 = Debug|x64
		Debug|x86 = Debug|x86
		Release|Any CPU = Release|Any CPU
		Release|ARM = Release|ARM
		Release|x64 = Release|x64
		Release|x86 = Release|x86
	EndGlobalSection
	GlobalSection(ProjectConfigurationPlatforms) = postSolution
		{15563CC4-5829-4CB1-BD9E-2BFF6F919C02}.Debug|Any CPU.ActiveCfg = Debug|Any CPU
		{15563CC4-5829-4CB1-BD9E-2BFF6F919C02}.Debug|Any CPU.Build.0 = Debug|Any CPU
		{15563CC4-5829-4CB1-BD9E-2BFF6F919C02}.Debug|ARM.ActiveCfg = Debug|ARM
		{15563CC4-5829-4CB1-BD9E-2BFF6F919C02}.Debug|ARM.Build.0 = Debug|ARM
		{15563CC4-5829-4CB1-BD9E-2BFF6F919C02}.Debug|x64.ActiveCfg = Debug|x64
		{15563CC4-5829-4CB1-BD9E-2BFF6F919C02}.Debug|x64.Build.0 = Debug|x64
		{15563CC4-5829-4CB1-BD9E-2BFF6F919C02}.Debug|x86.ActiveCfg = Debug|x86
		{15563CC4-5829-4CB1-BD9E-2BFF6F919C02}.Debug|x86.Build.0 = Debug|x86
		{15563CC4-5829-4CB1-BD9E-2BFF6F919C02}.Release|Any CPU.ActiveCfg = Release|Any CPU
		{15563CC4-5829-4CB1-BD9E-2BFF6F919C02}.Release|Any CPU.Build.0 = Release|Any CPU
		{15563CC4-5829-4CB1-BD9E-2BFF6F919C02}.Release|ARM.ActiveCfg = Release|ARM
		{15563CC4-5829-4CB1-BD9E-2BFF6F919C02}.Release|ARM.Build.0 = Release|ARM
		{15563CC4-5829-4CB1-BD9E-2BFF6F919C02}.Release|x64.ActiveCfg = Release|x64
		{15563CC4-5829-4CB1-BD9E-2BFF6F919C02}.Release|x64.Build.0 = Release|x64
		{15563CC4-5829-4CB1-BD9E-2BFF6F919C02}.Release|x86.ActiveCfg = Release|x86
		{15563CC4-5829-4CB1-BD9E-2BFF6F919C02}.Release|x86.Build.0 = Release|x86
		{37D62798-5707-4F9D-ADC5-9A2EB545FDEE}.Debug|Any CPU.ActiveCfg = Debug|x86
		{37D62798-5707-4F9D-ADC5-9A2EB545FDEE}.Debug|ARM.ActiveCfg = Debug|ARM
		{37D62798-5707-4F9D-ADC5-9A2EB545FDEE}.Debug|ARM.Build.0 = Debug|ARM
		{37D62798-5707-4F9D-ADC5-9A2EB545FDEE}.Debug|ARM.Deploy.0 = Debug|ARM
		{37D62798-5707-4F9D-ADC5-9A2EB545FDEE}.Debug|x64.ActiveCfg = Debug|x64
		{37D62798-5707-4F9D-ADC5-9A2EB545FDEE}.Debug|x64.Build.0 = Debug|x64
		{37D62798-5707-4F9D-ADC5-9A2EB545FDEE}.Debug|x64.Deploy.0 = Debug|x64
		{37D62798-5707-4F9D-ADC5-9A2EB545FDEE}.Debug|x86.ActiveCfg = Debug|x86
		{37D62798-5707-4F9D-ADC5-9A2EB545FDEE}.Debug|x86.Build.0 = Debug|x86
		{37D62798-5707-4F9D-ADC5-9A2EB545FDEE}.Debug|x86.Deploy.0 = Debug|x86
		{37D62798-5707-4F9D-ADC5-9A2EB545FDEE}.Release|Any CPU.ActiveCfg = Release|x86
		{37D62798-5707-4F9D-ADC5-9A2EB545FDEE}.Release|ARM.ActiveCfg = Release|ARM
		{37D62798-5707-4F9D-ADC5-9A2EB545FDEE}.Release|ARM.Build.0 = Release|ARM
		{37D62798-5707-4F9D-ADC5-9A2EB545FDEE}.Release|ARM.Deploy.0 = Release|ARM
		{37D62798-5707-4F9D-ADC5-9A2EB545FDEE}.Release|x64.ActiveCfg = Release|x64
		{37D62798-5707-4F9D-ADC5-9A2EB545FDEE}.Release|x64.Build.0 = Release|x64
		{37D62798-5707-4F9D-ADC5-9A2EB545FDEE}.Release|x64.Deploy.0 = Release|x64
		{37D62798-5707-4F9D-ADC5-9A2EB545FDEE}.Release|x86.ActiveCfg = Release|x86
		{37D62798-5707-4F9D-ADC5-9A2EB545FDEE}.Release|x86.Build.0 = Release|x86
		{37D62798-5707-4F9D-ADC5-9A2EB545FDEE}.Release|x86.Deploy.0 = Release|x86
	EndGlobalSection
	GlobalSection(SolutionProperties) = preSolution
		HideSolutionNode = FALSE
	EndGlobalSection
	GlobalSection(ExtensibilityGlobals) = postSolution
		SolutionGuid = {64BB6939-05A8-4C13-A2CC-7C4019435253}
	EndGlobalSection
EndGlobal
